
Microsoft Visual Studio Solution File, Format Version 12.00
# Visual Studio Version 17
VisualStudioVersion = 17.3.32825.248
MinimumVisualStudioVersion = 10.0.40219.1
Project("{FAE04EC0-301F-11D3-BF4B-00C04F79EFBC}") = "WorkerService1", "WorkerService1\WorkerService1.csproj", "{187A2407-256F-49E9-A851-6B05750C5CC7}"
EndProject
Project("{FAE04EC0-301F-11D3-BF4B-00C04F79EFBC}") = "ConsoleApp1", "ConsoleApp1\ConsoleApp1.csproj", "{976FE59C-52CA-488F-9EB1-5B8A9A13951D}"
EndProject
Project("{FAE04EC0-301F-11D3-BF4B-00C04F79EFBC}") = "ConsoleRunner", "ConsoleRunner\ConsoleRunner.csproj", "{45A6E24B-1B05-4E80-ACCE-26ECA77FCE78}"
EndProject
Global
	GlobalSection(SolutionConfigurationPlatforms) = preSolution
		Debug|Any CPU = Debug|Any CPU
		Release|Any CPU = Release|Any CPU
	EndGlobalSection
	GlobalSection(ProjectConfigurationPlatforms) = postSolution
		{187A2407-256F-49E9-A851-6B05750C5CC7}.Debug|Any CPU.ActiveCfg = Debug|Any CPU
		{187A2407-256F-49E9-A851-6B05750C5CC7}.Debug|Any CPU.Build.0 = Debug|Any CPU
		{187A2407-256F-49E9-A851-6B05750C5CC7}.Release|Any CPU.ActiveCfg = Release|Any CPU
		{187A2407-256F-49E9-A851-6B05750C5CC7}.Release|Any CPU.Build.0 = Release|Any CPU
		{976FE59C-52CA-488F-9EB1-5B8A9A13951D}.Debug|Any CPU.ActiveCfg = Debug|Any CPU
		{976FE59C-52CA-488F-9EB1-5B8A9A13951D}.Debug|Any CPU.Build.0 = Debug|Any CPU
		{976FE59C-52CA-488F-9EB1-5B8A9A13951D}.Release|Any CPU.ActiveCfg = Release|Any CPU
		{976FE59C-52CA-488F-9EB1-5B8A9A13951D}.Release|Any CPU.Build.0 = Release|Any CPU
		{45A6E24B-1B05-4E80-ACCE-26ECA77FCE78}.Debug|Any CPU.ActiveCfg = Debug|Any CPU
		{45A6E24B-1B05-4E80-ACCE-26ECA77FCE78}.Debug|Any CPU.Build.0 = Debug|Any CPU
		{45A6E24B-1B05-4E80-ACCE-26ECA77FCE78}.Release|Any CPU.ActiveCfg = Release|Any CPU
		{45A6E24B-1B05-4E80-ACCE-26ECA77FCE78}.Release|Any CPU.Build.0 = Release|Any CPU
	EndGlobalSection
	GlobalSection(SolutionProperties) = preSolution
		HideSolutionNode = FALSE
	EndGlobalSection
	GlobalSection(ExtensibilityGlobals) = postSolution
		SolutionGuid = {A16A8006-E7F4-4C2B-AC6D-8FEA5286E732}
	EndGlobalSection
EndGlobal
